
Microsoft Visual Studio Solution File, Format Version 12.00
# Visual Studio 15
VisualStudioVersion = 15.0.28307.779
MinimumVisualStudioVersion = 10.0.40219.1
Project("{2150E333-8FDC-42A3-9474-1A3956D46DE8}") = "tests", "tests", "{FB909959-39B6-4895-B483-0A4882EE5F0D}"
EndProject
Project("{2150E333-8FDC-42A3-9474-1A3956D46DE8}") = "src", "src", "{C713C305-0E88-4A7C-8C2F-23D556F86091}"
EndProject
Project("{9A19103F-16F7-4668-BE54-9A1E7A4F7556}") = "RemoteEventBus", "src\RemoteEventBus\RemoteEventBus.csproj", "{9D133CCF-48D4-4313-8C3F-65571876519E}"
EndProject
Project("{9A19103F-16F7-4668-BE54-9A1E7A4F7556}") = "RemoteEventBus.RabbitMQ", "src\RemoteEventBus.RabbitMQ\RemoteEventBus.RabbitMQ.csproj", "{C8E44EF2-7E90-4D62-9A7F-6F89D194FAE5}"
EndProject
Project("{9A19103F-16F7-4668-BE54-9A1E7A4F7556}") = "TestServer", "test\TestServer\TestServer.csproj", "{5BF7F7E0-65FE-426F-91CF-A8507DBCFD09}"
EndProject
Project("{9A19103F-16F7-4668-BE54-9A1E7A4F7556}") = "TestCommon", "test\TestCommon\TestCommon.csproj", "{D7A7E211-B865-493D-947C-3B4B5110FC81}"
EndProject
Project("{9A19103F-16F7-4668-BE54-9A1E7A4F7556}") = "TestClient", "test\TestClient\TestClient.csproj", "{D736870B-7B00-4DCC-B636-0D8927ABC161}"
EndProject
Global
	GlobalSection(SolutionConfigurationPlatforms) = preSolution
		Debug|Any CPU = Debug|Any CPU
		Release|Any CPU = Release|Any CPU
	EndGlobalSection
	GlobalSection(ProjectConfigurationPlatforms) = postSolution
		{9D133CCF-48D4-4313-8C3F-65571876519E}.Debug|Any CPU.ActiveCfg = Debug|Any CPU
		{9D133CCF-48D4-4313-8C3F-65571876519E}.Debug|Any CPU.Build.0 = Debug|Any CPU
		{9D133CCF-48D4-4313-8C3F-65571876519E}.Release|Any CPU.ActiveCfg = Release|Any CPU
		{9D133CCF-48D4-4313-8C3F-65571876519E}.Release|Any CPU.Build.0 = Release|Any CPU
		{C8E44EF2-7E90-4D62-9A7F-6F89D194FAE5}.Debug|Any CPU.ActiveCfg = Debug|Any CPU
		{C8E44EF2-7E90-4D62-9A7F-6F89D194FAE5}.Debug|Any CPU.Build.0 = Debug|Any CPU
		{C8E44EF2-7E90-4D62-9A7F-6F89D194FAE5}.Release|Any CPU.ActiveCfg = Release|Any CPU
		{C8E44EF2-7E90-4D62-9A7F-6F89D194FAE5}.Release|Any CPU.Build.0 = Release|Any CPU
		{5BF7F7E0-65FE-426F-91CF-A8507DBCFD09}.Debug|Any CPU.ActiveCfg = Debug|Any CPU
		{5BF7F7E0-65FE-426F-91CF-A8507DBCFD09}.Debug|Any CPU.Build.0 = Debug|Any CPU
		{5BF7F7E0-65FE-426F-91CF-A8507DBCFD09}.Release|Any CPU.ActiveCfg = Release|Any CPU
		{5BF7F7E0-65FE-426F-91CF-A8507DBCFD09}.Release|Any CPU.Build.0 = Release|Any CPU
		{D7A7E211-B865-493D-947C-3B4B5110FC81}.Debug|Any CPU.ActiveCfg = Debug|Any CPU
		{D7A7E211-B865-493D-947C-3B4B5110FC81}.Debug|Any CPU.Build.0 = Debug|Any CPU
		{D7A7E211-B865-493D-947C-3B4B5110FC81}.Release|Any CPU.ActiveCfg = Release|Any CPU
		{D7A7E211-B865-493D-947C-3B4B5110FC81}.Release|Any CPU.Build.0 = Release|Any CPU
		{D736870B-7B00-4DCC-B636-0D8927ABC161}.Debug|Any CPU.ActiveCfg = Debug|Any CPU
		{D736870B-7B00-4DCC-B636-0D8927ABC161}.Debug|Any CPU.Build.0 = Debug|Any CPU
		{D736870B-7B00-4DCC-B636-0D8927ABC161}.Release|Any CPU.ActiveCfg = Release|Any CPU
		{D736870B-7B00-4DCC-B636-0D8927ABC161}.Release|Any CPU.Build.0 = Release|Any CPU
	EndGlobalSection
	GlobalSection(SolutionProperties) = preSolution
		HideSolutionNode = FALSE
	EndGlobalSection
	GlobalSection(NestedProjects) = preSolution
		{9D133CCF-48D4-4313-8C3F-65571876519E} = {C713C305-0E88-4A7C-8C2F-23D556F86091}
		{C8E44EF2-7E90-4D62-9A7F-6F89D194FAE5} = {C713C305-0E88-4A7C-8C2F-23D556F86091}
		{5BF7F7E0-65FE-426F-91CF-A8507DBCFD09} = {FB909959-39B6-4895-B483-0A4882EE5F0D}
		{D7A7E211-B865-493D-947C-3B4B5110FC81} = {FB909959-39B6-4895-B483-0A4882EE5F0D}
		{D736870B-7B00-4DCC-B636-0D8927ABC161} = {FB909959-39B6-4895-B483-0A4882EE5F0D}
	EndGlobalSection
	GlobalSection(ExtensibilityGlobals) = postSolution
		SolutionGuid = {68CA58C3-4D12-4F1D-84FC-CA3F4FDC380B}
	EndGlobalSection
EndGlobal
